# This file is autogenerated, do not edit; changes may be undone by the next 'dep ensure'.


[[projects]]
  branch = "master"
  name = "github.com/asaskevich/govalidator"
  packages = ["."]
  revision = "f61b66f89f4a311bef65f13e575bcf1a2ffadda6"

[[projects]]
  name = "github.com/davecgh/go-spew"
  packages = ["spew"]
  revision = "8991bc29aa16c548c550c7ff78260e27b9ab7c73"
  version = "v1.1.1"

[[projects]]
  branch = "master"
  name = "github.com/edermanoel94/rest-go"
  packages = ["."]
  revision = "403131a7731967590484c28f0bc224767d9168d3"

[[projects]]
  branch = "master"
  name = "github.com/globalsign/mgo"
  packages = [".","bson","internal/json","internal/sasl","internal/scram"]
  revision = "eeefdecb41b842af6dc652aaea4026e8403e62df"

[[projects]]
  name = "github.com/gorilla/mux"
  packages = ["."]
  revision = "00bdffe0f3c77e27d2cf6f5c70232a2d3e4d9c15"
  version = "v1.7.3"

[[projects]]
  name = "github.com/joho/godotenv"
  packages = ["."]
  revision = "23d116af351c84513e1946b527c88823e476be13"
  version = "v1.3.0"

[[projects]]
  name = "github.com/pmezard/go-difflib"
  packages = ["difflib"]
  revision = "792786c7400a136282c1664665ae0a8db921c6c2"
  version = "v1.0.0"

[[projects]]
  name = "github.com/rs/cors"
  packages = ["."]
  revision = "db0fe48135e83b5812a5a31be0eea66984b1b521"
  version = "v1.7.0"

[[projects]]
  name = "github.com/stretchr/testify"
  packages = ["assert"]
  revision = "221dbe5ed46703ee255b1da0dec05086f5035f62"
  version = "v1.4.0"

[[projects]]
  name = "github.com/teris-io/shortid"
  packages = ["."]
  revision = "6c56cef5189ca1b3d5ef01dc07f4d611dfc0bb33"
  version = "v1.0"

[[projects]]
  name = "gopkg.in/yaml.v2"
  packages = ["."]
  revision = "51d6538a90f86fe93ac480b35f37b2be17fef232"
  version = "v2.2.2"

[solve-meta]
  analyzer-name = "dep"
  analyzer-version = 1
  inputs-digest = "81c35f6678cafad46811c0a85dca453f1cd62a6c87d58597b6c6d81358f5cfa0"
  solver-name = "gps-cdcl"
  solver-version = 1
